dependencies:
- name: stackgres-operator
  repository: https://stackgres.io/downloads/stackgres-k8s/stackgres/helm
  version: 1.3.0
- name: common
  repository: https://library-charts.truecharts.org
  version: 10.5.0
digest: sha256:94520349e914dc5a7f7b4108036e1923d61e325c5e9a5e0d0cff626e5edce15e
generated: "2022-08-24T02:58:45.98604+08:00"
